
Microsoft Visual Studio Solution File, Format Version 12.00
Project("{2150E333-8FDC-42A3-9474-1A3956D46DE8}") = "_Solution Items", "_Solution Items", "{85B75EDB-E64C-49F1-A0BB-F6ECC2DAD85A}"
	ProjectSection(SolutionItems) = preProject
		docker-compose.yml = docker-compose.yml
		prometheus.yml = prometheus.yml
		grafana-datasources.yml = grafana-datasources.yml
		otel-collector-config.yml = otel-collector-config.yml
		.gitignore = .gitignore
	EndProjectSection
EndProject
Project("{FAE04EC0-301F-11D3-BF4B-00C04F79EFBC}") = "SimpleMarket.Catalog.Api", "SimpleMarket.Catalog.Api\SimpleMarket.Catalog.Api.csproj", "{E9CCFB70-3DB3-48E7-9B2B-1F7A36454DD6}"
EndProject
Project("{FAE04EC0-301F-11D3-BF4B-00C04F79EFBC}") = "SimpleMarket.Customers.Api", "SimpleMarket.Customers.Api\SimpleMarket.Customers.Api.csproj", "{E8BB7BDA-21F1-4FC0-9547-6D2092F24F68}"
EndProject
Project("{FAE04EC0-301F-11D3-BF4B-00C04F79EFBC}") = "SimpleMarket.Orders.Api", "SimpleMarket.Orders.Api\SimpleMarket.Orders.Api.csproj", "{FCA6D0E7-FE12-4F5F-B1DD-AFFD4CB8E2B3}"
EndProject
Project("{FAE04EC0-301F-11D3-BF4B-00C04F79EFBC}") = "SimpleMarket.Catalog.Contracts", "SimpleMarket.Catalog.Contracts\SimpleMarket.Catalog.Contracts.csproj", "{2AE0E4A7-2E7A-4E17-A1B5-E6D40E701FBC}"
EndProject
Project("{FAE04EC0-301F-11D3-BF4B-00C04F79EFBC}") = "SimpleMarket.Payments.Api", "SimpleMarket.Payments.Api\SimpleMarket.Payments.Api.csproj", "{73103E6B-0F25-4468-9672-02A9483D9925}"
EndProject
Project("{FAE04EC0-301F-11D3-BF4B-00C04F79EFBC}") = "SimpleMarket.Customers.Contracts", "SimpleMarket.Customers.Contracts\SimpleMarket.Customers.Contracts.csproj", "{898747A0-9372-4BC5-984F-1DB1740F21AC}"
EndProject
Global
	GlobalSection(SolutionConfigurationPlatforms) = preSolution
		Debug|Any CPU = Debug|Any CPU
		Release|Any CPU = Release|Any CPU
	EndGlobalSection
	GlobalSection(ProjectConfigurationPlatforms) = postSolution
		{E9CCFB70-3DB3-48E7-9B2B-1F7A36454DD6}.Debug|Any CPU.ActiveCfg = Debug|Any CPU
		{E9CCFB70-3DB3-48E7-9B2B-1F7A36454DD6}.Debug|Any CPU.Build.0 = Debug|Any CPU
		{E9CCFB70-3DB3-48E7-9B2B-1F7A36454DD6}.Release|Any CPU.ActiveCfg = Release|Any CPU
		{E9CCFB70-3DB3-48E7-9B2B-1F7A36454DD6}.Release|Any CPU.Build.0 = Release|Any CPU
		{E8BB7BDA-21F1-4FC0-9547-6D2092F24F68}.Debug|Any CPU.ActiveCfg = Debug|Any CPU
		{E8BB7BDA-21F1-4FC0-9547-6D2092F24F68}.Debug|Any CPU.Build.0 = Debug|Any CPU
		{E8BB7BDA-21F1-4FC0-9547-6D2092F24F68}.Release|Any CPU.ActiveCfg = Release|Any CPU
		{E8BB7BDA-21F1-4FC0-9547-6D2092F24F68}.Release|Any CPU.Build.0 = Release|Any CPU
		{FCA6D0E7-FE12-4F5F-B1DD-AFFD4CB8E2B3}.Debug|Any CPU.ActiveCfg = Debug|Any CPU
		{FCA6D0E7-FE12-4F5F-B1DD-AFFD4CB8E2B3}.Debug|Any CPU.Build.0 = Debug|Any CPU
		{FCA6D0E7-FE12-4F5F-B1DD-AFFD4CB8E2B3}.Release|Any CPU.ActiveCfg = Release|Any CPU
		{FCA6D0E7-FE12-4F5F-B1DD-AFFD4CB8E2B3}.Release|Any CPU.Build.0 = Release|Any CPU
		{2AE0E4A7-2E7A-4E17-A1B5-E6D40E701FBC}.Debug|Any CPU.ActiveCfg = Debug|Any CPU
		{2AE0E4A7-2E7A-4E17-A1B5-E6D40E701FBC}.Debug|Any CPU.Build.0 = Debug|Any CPU
		{2AE0E4A7-2E7A-4E17-A1B5-E6D40E701FBC}.Release|Any CPU.ActiveCfg = Release|Any CPU
		{2AE0E4A7-2E7A-4E17-A1B5-E6D40E701FBC}.Release|Any CPU.Build.0 = Release|Any CPU
		{898747A0-9372-4BC5-984F-1DB1740F21AC}.Debug|Any CPU.ActiveCfg = Debug|Any CPU
		{898747A0-9372-4BC5-984F-1DB1740F21AC}.Debug|Any CPU.Build.0 = Debug|Any CPU
		{898747A0-9372-4BC5-984F-1DB1740F21AC}.Release|Any CPU.ActiveCfg = Release|Any CPU
		{898747A0-9372-4BC5-984F-1DB1740F21AC}.Release|Any CPU.Build.0 = Release|Any CPU
		{73103E6B-0F25-4468-9672-02A9483D9925}.Debug|Any CPU.ActiveCfg = Debug|Any CPU
		{73103E6B-0F25-4468-9672-02A9483D9925}.Debug|Any CPU.Build.0 = Debug|Any CPU
		{73103E6B-0F25-4468-9672-02A9483D9925}.Release|Any CPU.ActiveCfg = Release|Any CPU
		{73103E6B-0F25-4468-9672-02A9483D9925}.Release|Any CPU.Build.0 = Release|Any CPU
	EndGlobalSection
EndGlobal
