
Microsoft Visual Studio Solution File, Format Version 12.00
Project("{2150E333-8FDC-42A3-9474-1A3956D46DE8}") = "_Solution Items", "_Solution Items", "{85B75EDB-E64C-49F1-A0BB-F6ECC2DAD85A}"
	ProjectSection(SolutionItems) = preProject
		docker-compose.yml = docker-compose.yml
		prometheus.yml = prometheus.yml
		grafana-datasources.yml = grafana-datasources.yml
		otel-collector-config.yml = otel-collector-config.yml
		.gitignore = .gitignore
	EndProjectSection
EndProject
Project("{FAE04EC0-301F-11D3-BF4B-00C04F79EFBC}") = "SimpleMarket.Catalog.Api", "SimpleMarket.Catalog.Api\SimpleMarket.Catalog.Api.csproj", "{E9CCFB70-3DB3-48E7-9B2B-1F7A36454DD6}"
EndProject
Project("{FAE04EC0-301F-11D3-BF4B-00C04F79EFBC}") = "SimpleMarket.Customers.Api", "SimpleMarket.Customers.Api\SimpleMarket.Customers.Api.csproj", "{E8BB7BDA-21F1-4FC0-9547-6D2092F24F68}"
EndProject
Project("{FAE04EC0-301F-11D3-BF4B-00C04F79EFBC}") = "SimpleMarket.Orders.Api", "OrderManagement\src\SimpleMarket.Orders.Api\SimpleMarket.Orders.Api.csproj", "{FCA6D0E7-FE12-4F5F-B1DD-AFFD4CB8E2B3}"
EndProject
Project("{FAE04EC0-301F-11D3-BF4B-00C04F79EFBC}") = "SimpleMarket.Catalog.Contracts", "SimpleMarket.Catalog.Contracts\SimpleMarket.Catalog.Contracts.csproj", "{2AE0E4A7-2E7A-4E17-A1B5-E6D40E701FBC}"
EndProject
Project("{FAE04EC0-301F-11D3-BF4B-00C04F79EFBC}") = "SimpleMarket.Payments.Api", "SimpleMarket.Payments.Api\SimpleMarket.Payments.Api.csproj", "{73103E6B-0F25-4468-9672-02A9483D9925}"
EndProject
Project("{FAE04EC0-301F-11D3-BF4B-00C04F79EFBC}") = "SimpleMarket.Customers.Contracts", "SimpleMarket.Customers.Contracts\SimpleMarket.Customers.Contracts.csproj", "{898747A0-9372-4BC5-984F-1DB1740F21AC}"
EndProject
Project("{2150E333-8FDC-42A3-9474-1A3956D46DE8}") = "OrderManagement", "OrderManagement", "{EFBDF63A-9842-4CC6-9A84-970D79C9A09F}"
EndProject
Project("{2150E333-8FDC-42A3-9474-1A3956D46DE8}") = "src", "src", "{63300A1E-6FE1-4B0B-B228-EB4EBD44ADCF}"
EndProject
Project("{FAE04EC0-301F-11D3-BF4B-00C04F79EFBC}") = "SimpleMarket.Orders.Saga", "OrderManagement\src\SimpleMarket.Orders.Saga\SimpleMarket.Orders.Saga.csproj", "{712CDF9F-6D48-48C2-B70C-240A58485D15}"
EndProject
Project("{FAE04EC0-301F-11D3-BF4B-00C04F79EFBC}") = "SimpleMarket.Orders.Persistence", "OrderManagement\src\SimpleMarket.Orders.Persistence\SimpleMarket.Orders.Persistence.csproj", "{4009676C-9177-4C21-8DF9-F91A62D69C23}"
EndProject
Project("{FAE04EC0-301F-11D3-BF4B-00C04F79EFBC}") = "SimpleMarket.Orders.Domain", "OrderManagement\src\SimpleMarket.Orders.Domain\SimpleMarket.Orders.Domain.csproj", "{D56E4BFE-A11A-4B8C-9420-503FCFA16BAE}"
EndProject
Project("{FAE04EC0-301F-11D3-BF4B-00C04F79EFBC}") = "SimpleMarket.Orders.Contracts", "OrderManagement\src\SimpleMarket.Orders.Contracts\SimpleMarket.Orders.Contracts.csproj", "{F7274F4C-EDE8-42BF-B353-0D67F6F3F375}"
EndProject
Project("{2150E333-8FDC-42A3-9474-1A3956D46DE8}") = "CarrierManagement", "CarrierManagement", "{F04891AD-E046-4DD3-8B1F-F93377E001E0}"
EndProject
Project("{2150E333-8FDC-42A3-9474-1A3956D46DE8}") = "src", "src", "{38A30B02-0F33-482D-B7F5-7FCC860B1287}"
EndProject
Project("{FAE04EC0-301F-11D3-BF4B-00C04F79EFBC}") = "SimpleMarket.Carrier.Api", "CarrierManagement\src\SimpleMarket.Carrier.Api\SimpleMarket.Carrier.Api.csproj", "{8C2E0201-FB31-4282-AD8F-10DA64AFE850}"
EndProject
Project("{FAE04EC0-301F-11D3-BF4B-00C04F79EFBC}") = "SimpleMarket.Carrier.Domain", "CarrierManagement\src\SimpleMarket.Carrier.Domain\SimpleMarket.Carrier.Domain.csproj", "{FC31A497-4D36-47AE-BEB9-454E74724870}"
EndProject
Project("{FAE04EC0-301F-11D3-BF4B-00C04F79EFBC}") = "SimpleMarket.Carrier.Persistence", "SimpleMarket.Carrier.Persistence\SimpleMarket.Carrier.Persistence.csproj", "{45156FFA-0CEA-42C8-A1C8-D9DFDD2D2691}"
EndProject
Project("{FAE04EC0-301F-11D3-BF4B-00C04F79EFBC}") = "SimpleMarket.SharedLibrary", "SimpleMarket.SharedLibrary\SimpleMarket.SharedLibrary.csproj", "{A9E302D1-48BC-4A84-9E15-EC1080C48F6A}"
EndProject
Project("{FAE04EC0-301F-11D3-BF4B-00C04F79EFBC}") = "SimpleMarket.Orders.Application", "OrderManagement\src\SimpleMarket.Orders.Application\SimpleMarket.Orders.Application.csproj", "{09A302D8-C610-4C1D-8F67-8DA65B7E6D5C}"
EndProject
Project("{FAE04EC0-301F-11D3-BF4B-00C04F79EFBC}") = "SimpleMarket.Orders.Shared", "OrderManagement\src\SimpleMarket.Orders.Shared\SimpleMarket.Orders.Shared.csproj", "{7AF6AFD9-A4DD-4C4D-A9D0-F5454E012376}"
EndProject
Project("{FAE04EC0-301F-11D3-BF4B-00C04F79EFBC}") = "AppHost", "Aspire\AppHost\AppHost.csproj", "{44D2DDFA-2136-45D5-B1D8-2F601BF3D5CD}"
EndProject
Project("{2150E333-8FDC-42A3-9474-1A3956D46DE8}") = "Aspire", "Aspire", "{F249B8EF-4F9E-4F8E-BAFE-54CB4E04A471}"
EndProject
Project("{FAE04EC0-301F-11D3-BF4B-00C04F79EFBC}") = "ServiceDefaults", "Aspire\ServiceDefaults\ServiceDefaults.csproj", "{6D4C41A4-ADB6-48CA-BD23-0547EA482621}"
EndProject
Global
	GlobalSection(SolutionConfigurationPlatforms) = preSolution
		Debug|Any CPU = Debug|Any CPU
		Release|Any CPU = Release|Any CPU
	EndGlobalSection
	GlobalSection(ProjectConfigurationPlatforms) = postSolution
		{E9CCFB70-3DB3-48E7-9B2B-1F7A36454DD6}.Debug|Any CPU.ActiveCfg = Debug|Any CPU
		{E9CCFB70-3DB3-48E7-9B2B-1F7A36454DD6}.Debug|Any CPU.Build.0 = Debug|Any CPU
		{E9CCFB70-3DB3-48E7-9B2B-1F7A36454DD6}.Release|Any CPU.ActiveCfg = Release|Any CPU
		{E9CCFB70-3DB3-48E7-9B2B-1F7A36454DD6}.Release|Any CPU.Build.0 = Release|Any CPU
		{E8BB7BDA-21F1-4FC0-9547-6D2092F24F68}.Debug|Any CPU.ActiveCfg = Debug|Any CPU
		{E8BB7BDA-21F1-4FC0-9547-6D2092F24F68}.Debug|Any CPU.Build.0 = Debug|Any CPU
		{E8BB7BDA-21F1-4FC0-9547-6D2092F24F68}.Release|Any CPU.ActiveCfg = Release|Any CPU
		{E8BB7BDA-21F1-4FC0-9547-6D2092F24F68}.Release|Any CPU.Build.0 = Release|Any CPU
		{FCA6D0E7-FE12-4F5F-B1DD-AFFD4CB8E2B3}.Debug|Any CPU.ActiveCfg = Debug|Any CPU
		{FCA6D0E7-FE12-4F5F-B1DD-AFFD4CB8E2B3}.Debug|Any CPU.Build.0 = Debug|Any CPU
		{FCA6D0E7-FE12-4F5F-B1DD-AFFD4CB8E2B3}.Release|Any CPU.ActiveCfg = Release|Any CPU
		{FCA6D0E7-FE12-4F5F-B1DD-AFFD4CB8E2B3}.Release|Any CPU.Build.0 = Release|Any CPU
		{2AE0E4A7-2E7A-4E17-A1B5-E6D40E701FBC}.Debug|Any CPU.ActiveCfg = Debug|Any CPU
		{2AE0E4A7-2E7A-4E17-A1B5-E6D40E701FBC}.Debug|Any CPU.Build.0 = Debug|Any CPU
		{2AE0E4A7-2E7A-4E17-A1B5-E6D40E701FBC}.Release|Any CPU.ActiveCfg = Release|Any CPU
		{2AE0E4A7-2E7A-4E17-A1B5-E6D40E701FBC}.Release|Any CPU.Build.0 = Release|Any CPU
		{898747A0-9372-4BC5-984F-1DB1740F21AC}.Debug|Any CPU.ActiveCfg = Debug|Any CPU
		{898747A0-9372-4BC5-984F-1DB1740F21AC}.Debug|Any CPU.Build.0 = Debug|Any CPU
		{898747A0-9372-4BC5-984F-1DB1740F21AC}.Release|Any CPU.ActiveCfg = Release|Any CPU
		{898747A0-9372-4BC5-984F-1DB1740F21AC}.Release|Any CPU.Build.0 = Release|Any CPU
		{73103E6B-0F25-4468-9672-02A9483D9925}.Debug|Any CPU.ActiveCfg = Debug|Any CPU
		{73103E6B-0F25-4468-9672-02A9483D9925}.Debug|Any CPU.Build.0 = Debug|Any CPU
		{73103E6B-0F25-4468-9672-02A9483D9925}.Release|Any CPU.ActiveCfg = Release|Any CPU
		{73103E6B-0F25-4468-9672-02A9483D9925}.Release|Any CPU.Build.0 = Release|Any CPU
		{712CDF9F-6D48-48C2-B70C-240A58485D15}.Debug|Any CPU.ActiveCfg = Debug|Any CPU
		{712CDF9F-6D48-48C2-B70C-240A58485D15}.Debug|Any CPU.Build.0 = Debug|Any CPU
		{712CDF9F-6D48-48C2-B70C-240A58485D15}.Release|Any CPU.ActiveCfg = Release|Any CPU
		{712CDF9F-6D48-48C2-B70C-240A58485D15}.Release|Any CPU.Build.0 = Release|Any CPU
		{4009676C-9177-4C21-8DF9-F91A62D69C23}.Debug|Any CPU.ActiveCfg = Debug|Any CPU
		{4009676C-9177-4C21-8DF9-F91A62D69C23}.Debug|Any CPU.Build.0 = Debug|Any CPU
		{4009676C-9177-4C21-8DF9-F91A62D69C23}.Release|Any CPU.ActiveCfg = Release|Any CPU
		{4009676C-9177-4C21-8DF9-F91A62D69C23}.Release|Any CPU.Build.0 = Release|Any CPU
		{D56E4BFE-A11A-4B8C-9420-503FCFA16BAE}.Debug|Any CPU.ActiveCfg = Debug|Any CPU
		{D56E4BFE-A11A-4B8C-9420-503FCFA16BAE}.Debug|Any CPU.Build.0 = Debug|Any CPU
		{D56E4BFE-A11A-4B8C-9420-503FCFA16BAE}.Release|Any CPU.ActiveCfg = Release|Any CPU
		{D56E4BFE-A11A-4B8C-9420-503FCFA16BAE}.Release|Any CPU.Build.0 = Release|Any CPU
		{F7274F4C-EDE8-42BF-B353-0D67F6F3F375}.Debug|Any CPU.ActiveCfg = Debug|Any CPU
		{F7274F4C-EDE8-42BF-B353-0D67F6F3F375}.Debug|Any CPU.Build.0 = Debug|Any CPU
		{F7274F4C-EDE8-42BF-B353-0D67F6F3F375}.Release|Any CPU.ActiveCfg = Release|Any CPU
		{F7274F4C-EDE8-42BF-B353-0D67F6F3F375}.Release|Any CPU.Build.0 = Release|Any CPU
		{8C2E0201-FB31-4282-AD8F-10DA64AFE850}.Debug|Any CPU.ActiveCfg = Debug|Any CPU
		{8C2E0201-FB31-4282-AD8F-10DA64AFE850}.Debug|Any CPU.Build.0 = Debug|Any CPU
		{8C2E0201-FB31-4282-AD8F-10DA64AFE850}.Release|Any CPU.ActiveCfg = Release|Any CPU
		{8C2E0201-FB31-4282-AD8F-10DA64AFE850}.Release|Any CPU.Build.0 = Release|Any CPU
		{FC31A497-4D36-47AE-BEB9-454E74724870}.Debug|Any CPU.ActiveCfg = Debug|Any CPU
		{FC31A497-4D36-47AE-BEB9-454E74724870}.Debug|Any CPU.Build.0 = Debug|Any CPU
		{FC31A497-4D36-47AE-BEB9-454E74724870}.Release|Any CPU.ActiveCfg = Release|Any CPU
		{FC31A497-4D36-47AE-BEB9-454E74724870}.Release|Any CPU.Build.0 = Release|Any CPU
		{45156FFA-0CEA-42C8-A1C8-D9DFDD2D2691}.Debug|Any CPU.ActiveCfg = Debug|Any CPU
		{45156FFA-0CEA-42C8-A1C8-D9DFDD2D2691}.Debug|Any CPU.Build.0 = Debug|Any CPU
		{45156FFA-0CEA-42C8-A1C8-D9DFDD2D2691}.Release|Any CPU.ActiveCfg = Release|Any CPU
		{45156FFA-0CEA-42C8-A1C8-D9DFDD2D2691}.Release|Any CPU.Build.0 = Release|Any CPU
		{A9E302D1-48BC-4A84-9E15-EC1080C48F6A}.Debug|Any CPU.ActiveCfg = Debug|Any CPU
		{A9E302D1-48BC-4A84-9E15-EC1080C48F6A}.Debug|Any CPU.Build.0 = Debug|Any CPU
		{A9E302D1-48BC-4A84-9E15-EC1080C48F6A}.Release|Any CPU.ActiveCfg = Release|Any CPU
		{A9E302D1-48BC-4A84-9E15-EC1080C48F6A}.Release|Any CPU.Build.0 = Release|Any CPU
		{09A302D8-C610-4C1D-8F67-8DA65B7E6D5C}.Debug|Any CPU.ActiveCfg = Debug|Any CPU
		{09A302D8-C610-4C1D-8F67-8DA65B7E6D5C}.Debug|Any CPU.Build.0 = Debug|Any CPU
		{09A302D8-C610-4C1D-8F67-8DA65B7E6D5C}.Release|Any CPU.ActiveCfg = Release|Any CPU
		{09A302D8-C610-4C1D-8F67-8DA65B7E6D5C}.Release|Any CPU.Build.0 = Release|Any CPU
		{7AF6AFD9-A4DD-4C4D-A9D0-F5454E012376}.Debug|Any CPU.ActiveCfg = Debug|Any CPU
		{7AF6AFD9-A4DD-4C4D-A9D0-F5454E012376}.Debug|Any CPU.Build.0 = Debug|Any CPU
		{7AF6AFD9-A4DD-4C4D-A9D0-F5454E012376}.Release|Any CPU.ActiveCfg = Release|Any CPU
		{7AF6AFD9-A4DD-4C4D-A9D0-F5454E012376}.Release|Any CPU.Build.0 = Release|Any CPU
		{44D2DDFA-2136-45D5-B1D8-2F601BF3D5CD}.Debug|Any CPU.ActiveCfg = Debug|Any CPU
		{44D2DDFA-2136-45D5-B1D8-2F601BF3D5CD}.Debug|Any CPU.Build.0 = Debug|Any CPU
		{44D2DDFA-2136-45D5-B1D8-2F601BF3D5CD}.Release|Any CPU.ActiveCfg = Release|Any CPU
		{44D2DDFA-2136-45D5-B1D8-2F601BF3D5CD}.Release|Any CPU.Build.0 = Release|Any CPU
		{6D4C41A4-ADB6-48CA-BD23-0547EA482621}.Debug|Any CPU.ActiveCfg = Debug|Any CPU
		{6D4C41A4-ADB6-48CA-BD23-0547EA482621}.Debug|Any CPU.Build.0 = Debug|Any CPU
		{6D4C41A4-ADB6-48CA-BD23-0547EA482621}.Release|Any CPU.ActiveCfg = Release|Any CPU
		{6D4C41A4-ADB6-48CA-BD23-0547EA482621}.Release|Any CPU.Build.0 = Release|Any CPU
	EndGlobalSection
	GlobalSection(NestedProjects) = preSolution
		{63300A1E-6FE1-4B0B-B228-EB4EBD44ADCF} = {EFBDF63A-9842-4CC6-9A84-970D79C9A09F}
		{FCA6D0E7-FE12-4F5F-B1DD-AFFD4CB8E2B3} = {63300A1E-6FE1-4B0B-B228-EB4EBD44ADCF}
		{712CDF9F-6D48-48C2-B70C-240A58485D15} = {63300A1E-6FE1-4B0B-B228-EB4EBD44ADCF}
		{4009676C-9177-4C21-8DF9-F91A62D69C23} = {63300A1E-6FE1-4B0B-B228-EB4EBD44ADCF}
		{D56E4BFE-A11A-4B8C-9420-503FCFA16BAE} = {63300A1E-6FE1-4B0B-B228-EB4EBD44ADCF}
		{F7274F4C-EDE8-42BF-B353-0D67F6F3F375} = {63300A1E-6FE1-4B0B-B228-EB4EBD44ADCF}
		{38A30B02-0F33-482D-B7F5-7FCC860B1287} = {F04891AD-E046-4DD3-8B1F-F93377E001E0}
		{8C2E0201-FB31-4282-AD8F-10DA64AFE850} = {38A30B02-0F33-482D-B7F5-7FCC860B1287}
		{FC31A497-4D36-47AE-BEB9-454E74724870} = {38A30B02-0F33-482D-B7F5-7FCC860B1287}
		{45156FFA-0CEA-42C8-A1C8-D9DFDD2D2691} = {38A30B02-0F33-482D-B7F5-7FCC860B1287}
		{09A302D8-C610-4C1D-8F67-8DA65B7E6D5C} = {63300A1E-6FE1-4B0B-B228-EB4EBD44ADCF}
		{7AF6AFD9-A4DD-4C4D-A9D0-F5454E012376} = {63300A1E-6FE1-4B0B-B228-EB4EBD44ADCF}
		{44D2DDFA-2136-45D5-B1D8-2F601BF3D5CD} = {F249B8EF-4F9E-4F8E-BAFE-54CB4E04A471}
		{6D4C41A4-ADB6-48CA-BD23-0547EA482621} = {F249B8EF-4F9E-4F8E-BAFE-54CB4E04A471}
	EndGlobalSection
EndGlobal
